
Microsoft Visual Studio Solution File, Format Version 12.00
# Visual Studio Version 17
VisualStudioVersion = 17.7.34031.279
MinimumVisualStudioVersion = 10.0.40219.1
Project("{FAE04EC0-301F-11D3-BF4B-00C04F79EFBC}") = "UpiTarea1progra2", "UpiTarea1progra2\UpiTarea1progra2.csproj", "{8EE26EE4-931A-40CE-B496-9137262BC1C1}"
EndProject
Global
	GlobalSection(SolutionConfigurationPlatforms) = preSolution
		Debug|Any CPU = Debug|Any CPU
		Release|Any CPU = Release|Any CPU
	EndGlobalSection
	GlobalSection(ProjectConfigurationPlatforms) = postSolution
		{8EE26EE4-931A-40CE-B496-9137262BC1C1}.Debug|Any CPU.ActiveCfg = Debug|Any CPU
		{8EE26EE4-931A-40CE-B496-9137262BC1C1}.Debug|Any CPU.Build.0 = Debug|Any CPU
		{8EE26EE4-931A-40CE-B496-9137262BC1C1}.Release|Any CPU.ActiveCfg = Release|Any CPU
		{8EE26EE4-931A-40CE-B496-9137262BC1C1}.Release|Any CPU.Build.0 = Release|Any CPU
	EndGlobalSection
	GlobalSection(SolutionProperties) = preSolution
		HideSolutionNode = FALSE
	EndGlobalSection
	GlobalSection(ExtensibilityGlobals) = postSolution
		SolutionGuid = {2C777E8A-C46E-46A4-9439-61013591DA2B}
	EndGlobalSection
EndGlobal
